// !$*UTF8*$!
{
	archiveVersion = 1;
	classes = {
	};
	objectVersion = 77;
	objects = {

/* Begin PBXBuildFile section */
		F664A0642F253F5500750C58 /* Auth in Frameworks */ = {isa = PBXBuildFile; productRef = F664A0632F253F5500750C58 /* Auth */; };
		F664A0662F253F5500750C58 /* PostgREST in Frameworks */ = {isa = PBXBuildFile; productRef = F664A0652F253F5500750C58 /* PostgREST */; };
		F6A1D00A2F3000000000000D /* SeventyTwoBlocksWidgets.appex in Embed Foundation Extensions */ = {isa = PBXBuildFile; fileRef = F6A1D00A2F30000000000001 /* SeventyTwoBlocksWidgets.appex */; settings = {ATTRIBUTES = (RemoveHeadersOnCopy, ); }; };
/* End PBXBuildFile section */

/* Begin PBXContainerItemProxy section */
		F664A0102F25390600750C58 /* PBXContainerItemProxy */ = {
			isa = PBXContainerItemProxy;
			containerPortal = F6649FFA2F25390500750C58 /* Project object */;
			proxyType = 1;
			remoteGlobalIDString = F664A0012F25390500750C58;
			remoteInfo = SeventyTwoBlocks;
		};
		F664A01A2F25390600750C58 /* PBXContainerItemProxy */ = {
			isa = PBXContainerItemProxy;
			containerPortal = F6649FFA2F25390500750C58 /* Project object */;
			proxyType = 1;
			remoteGlobalIDString = F664A0012F25390500750C58;
			remoteInfo = SeventyTwoBlocks;
		};
		F6A1D00A2F3000000000000A /* PBXContainerItemProxy */ = {
			isa = PBXContainerItemProxy;
			containerPortal = F6649FFA2F25390500750C58 /* Project object */;
			proxyType = 1;
			remoteGlobalIDString = F6A1D00A2F30000000000002;
			remoteInfo = SeventyTwoBlocksWidgets;
		};
/* End PBXContainerItemProxy section */

/* Begin PBXCopyFilesBuildPhase section */
		F6A1D00A2F3000000000000C /* Embed Foundation Extensions */ = {
			isa = PBXCopyFilesBuildPhase;
			buildActionMask = 2147483647;
			dstPath = "";
			dstSubfolderSpec = 13;
			files = (
				F6A1D00A2F3000000000000D /* SeventyTwoBlocksWidgets.appex in Embed Foundation Extensions */,
			);
			name = "Embed Foundation Extensions";
			runOnlyForDeploymentPostprocessing = 0;
		};
/* End PBXCopyFilesBuildPhase section */

/* Begin PBXFileReference section */
		F664A0022F25390500750C58 /* SeventyTwoBlocks.app */ = {isa = PBXFileReference; explicitFileType = wrapper.application; includeInIndex = 0; path = SeventyTwoBlocks.app; sourceTree = BUILT_PRODUCTS_DIR; };
		F664A00F2F25390600750C58 /* SeventyTwoBlocksTests.xctest */ = {isa = PBXFileReference; explicitFileType = wrapper.cfbundle; includeInIndex = 0; path = SeventyTwoBlocksTests.xctest; sourceTree = BUILT_PRODUCTS_DIR; };
		F664A0192F25390600750C58 /* SeventyTwoBlocksUITests.xctest */ = {isa = PBXFileReference; explicitFileType = wrapper.cfbundle; includeInIndex = 0; path = SeventyTwoBlocksUITests.xctest; sourceTree = BUILT_PRODUCTS_DIR; };
		F6A1D00A2F30000000000001 /* SeventyTwoBlocksWidgets.appex */ = {isa = PBXFileReference; explicitFileType = "wrapper.app-extension"; includeInIndex = 0; path = SeventyTwoBlocksWidgets.appex; sourceTree = BUILT_PRODUCTS_DIR; };
/* End PBXFileReference section */

/* Begin PBXFileSystemSynchronizedBuildFileExceptionSet section */
		F6A1D00A2F3000000000000E /* Exceptions for "SeventyTwoBlocksWidgets" folder in "SeventyTwoBlocksWidgets" target */ = {
			isa = PBXFileSystemSynchronizedBuildFileExceptionSet;
			membershipExceptions = (
				Info.plist,
			);
			target = F6A1D00A2F30000000000002 /* SeventyTwoBlocksWidgets */;
		};
/* End PBXFileSystemSynchronizedBuildFileExceptionSet section */

/* Begin PBXFileSystemSynchronizedRootGroup section */
		F664A0042F25390500750C58 /* SeventyTwoBlocks */ = {
			isa = PBXFileSystemSynchronizedRootGroup;
			path = SeventyTwoBlocks;
			sourceTree = "<group>";
		};
		F664A0122F25390600750C58 /* SeventyTwoBlocksTests */ = {
			isa = PBXFileSystemSynchronizedRootGroup;
			path = SeventyTwoBlocksTests;
			sourceTree = "<group>";
		};
		F664A01C2F25390600750C58 /* SeventyTwoBlocksUITests */ = {
			isa = PBXFileSystemSynchronizedRootGroup;
			path = SeventyTwoBlocksUITests;
			sourceTree = "<group>";
		};
		F6A1D00A2F30000000000006 /* SeventyTwoBlocksWidgets */ = {
			isa = PBXFileSystemSynchronizedRootGroup;
			exceptions = (
				F6A1D00A2F3000000000000E /* Exceptions for "SeventyTwoBlocksWidgets" folder in "SeventyTwoBlocksWidgets" target */,
			);
			path = SeventyTwoBlocksWidgets;
			sourceTree = "<group>";
		};
/* End PBXFileSystemSynchronizedRootGroup section */

/* Begin PBXFrameworksBuildPhase section */
		F6649FFF2F25390500750C58 /* Frameworks */ = {
			isa = PBXFrameworksBuildPhase;
			buildActionMask = 2147483647;
			files = (
				F664A0662F253F5500750C58 /* PostgREST in Frameworks */,
				F664A0642F253F5500750C58 /* Auth in Frameworks */,
			);
			runOnlyForDeploymentPostprocessing = 0;
		};
		F664A00C2F25390600750C58 /* Frameworks */ = {
			isa = PBXFrameworksBuildPhase;
			buildActionMask = 2147483647;
			files = (
			);
			runOnlyForDeploymentPostprocessing = 0;
		};
		F664A0162F25390600750C58 /* Frameworks */ = {
			isa = PBXFrameworksBuildPhase;
			buildActionMask = 2147483647;
			files = (
			);
			runOnlyForDeploymentPostprocessing = 0;
		};
		F6A1D00A2F30000000000004 /* Frameworks */ = {
			isa = PBXFrameworksBuildPhase;
			buildActionMask = 2147483647;
			files = (
			);
			runOnlyForDeploymentPostprocessing = 0;
		};
/* End PBXFrameworksBuildPhase section */

/* Begin PBXGroup section */
		F6649FF92F25390500750C58 = {
			isa = PBXGroup;
			children = (
				F664A0042F25390500750C58 /* SeventyTwoBlocks */,
				F664A0122F25390600750C58 /* SeventyTwoBlocksTests */,
				F664A01C2F25390600750C58 /* SeventyTwoBlocksUITests */,
				F6A1D00A2F30000000000006 /* SeventyTwoBlocksWidgets */,
				F664A0032F25390500750C58 /* Products */,
			);
			sourceTree = "<group>";
		};
		F664A0032F25390500750C58 /* Products */ = {
			isa = PBXGroup;
			children = (
				F664A0022F25390500750C58 /* SeventyTwoBlocks.app */,
				F664A00F2F25390600750C58 /* SeventyTwoBlocksTests.xctest */,
				F664A0192F25390600750C58 /* SeventyTwoBlocksUITests.xctest */,
				F6A1D00A2F30000000000001 /* SeventyTwoBlocksWidgets.appex */,
			);
			name = Products;
			sourceTree = "<group>";
		};
/* End PBXGroup section */

/* Begin PBXNativeTarget section */
		F664A0012F25390500750C58 /* SeventyTwoBlocks */ = {
			isa = PBXNativeTarget;
			buildConfigurationList = F664A0232F25390600750C58 /* Build configuration list for PBXNativeTarget "SeventyTwoBlocks" */;
			buildPhases = (
				F6649FFE2F25390500750C58 /* Sources */,
				F6649FFF2F25390500750C58 /* Frameworks */,
				F664A0002F25390500750C58 /* Resources */,
				F6A1D00A2F3000000000000C /* Embed Foundation Extensions */,
			);
			buildRules = (
			);
			dependencies = (
				F6A1D00A2F3000000000000B /* PBXTargetDependency */,
			);
			fileSystemSynchronizedGroups = (
				F664A0042F25390500750C58 /* SeventyTwoBlocks */,
			);
			name = SeventyTwoBlocks;
			packageProductDependencies = (
				F664A0632F253F5500750C58 /* Auth */,
				F664A0652F253F5500750C58 /* PostgREST */,
			);
			productName = SeventyTwoBlocks;
			productReference = F664A0022F25390500750C58 /* SeventyTwoBlocks.app */;
			productType = "com.apple.product-type.application";
		};
		F664A00E2F25390600750C58 /* SeventyTwoBlocksTests */ = {
			isa = PBXNativeTarget;
			buildConfigurationList = F664A0262F25390600750C58 /* Build configuration list for PBXNativeTarget "SeventyTwoBlocksTests" */;
			buildPhases = (
				F664A00B2F25390600750C58 /* Sources */,
				F664A00C2F25390600750C58 /* Frameworks */,
				F664A00D2F25390600750C58 /* Resources */,
			);
			buildRules = (
			);
			dependencies = (
				F664A0112F25390600750C58 /* PBXTargetDependency */,
			);
			fileSystemSynchronizedGroups = (
				F664A0122F25390600750C58 /* SeventyTwoBlocksTests */,
			);
			name = SeventyTwoBlocksTests;
			packageProductDependencies = (
			);
			productName = SeventyTwoBlocksTests;
			productReference = F664A00F2F25390600750C58 /* SeventyTwoBlocksTests.xctest */;
			productType = "com.apple.product-type.bundle.unit-test";
		};
		F664A0182F25390600750C58 /* SeventyTwoBlocksUITests */ = {
			isa = PBXNativeTarget;
			buildConfigurationList = F664A0292F25390600750C58 /* Build configuration list for PBXNativeTarget "SeventyTwoBlocksUITests" */;
			buildPhases = (
				F664A0152F25390600750C58 /* Sources */,
				F664A0162F25390600750C58 /* Frameworks */,
				F664A0172F25390600750C58 /* Resources */,
			);
			buildRules = (
			);
			dependencies = (
				F664A01B2F25390600750C58 /* PBXTargetDependency */,
			);
			fileSystemSynchronizedGroups = (
				F664A01C2F25390600750C58 /* SeventyTwoBlocksUITests */,
			);
			name = SeventyTwoBlocksUITests;
			packageProductDependencies = (
			);
			productName = SeventyTwoBlocksUITests;
			productReference = F664A0192F25390600750C58 /* SeventyTwoBlocksUITests.xctest */;
			productType = "com.apple.product-type.bundle.ui-testing";
		};
		F6A1D00A2F30000000000002 /* SeventyTwoBlocksWidgets */ = {
			isa = PBXNativeTarget;
			buildConfigurationList = F6A1D00A2F30000000000007 /* Build configuration list for PBXNativeTarget "SeventyTwoBlocksWidgets" */;
			buildPhases = (
				F6A1D00A2F30000000000003 /* Sources */,
				F6A1D00A2F30000000000004 /* Frameworks */,
				F6A1D00A2F30000000000005 /* Resources */,
			);
			buildRules = (
			);
			dependencies = (
			);
			fileSystemSynchronizedGroups = (
				F6A1D00A2F30000000000006 /* SeventyTwoBlocksWidgets */,
			);
			name = SeventyTwoBlocksWidgets;
			packageProductDependencies = (
			);
			productName = SeventyTwoBlocksWidgets;
			productReference = F6A1D00A2F30000000000001 /* SeventyTwoBlocksWidgets.appex */;
			productType = "com.apple.product-type.app-extension";
		};
/* End PBXNativeTarget section */

/* Begin PBXProject section */
		F6649FFA2F25390500750C58 /* Project object */ = {
			isa = PBXProject;
			attributes = {
				BuildIndependentTargetsInParallel = 1;
				LastSwiftUpdateCheck = 2620;
				LastUpgradeCheck = 2620;
				TargetAttributes = {
					F664A0012F25390500750C58 = {
						CreatedOnToolsVersion = 26.2;
					};
					F664A00E2F25390600750C58 = {
						CreatedOnToolsVersion = 26.2;
						TestTargetID = F664A0012F25390500750C58;
					};
					F664A0182F25390600750C58 = {
						CreatedOnToolsVersion = 26.2;
						TestTargetID = F664A0012F25390500750C58;
					};
					F6A1D00A2F30000000000002 = {
						CreatedOnToolsVersion = 26.2;
					};
				};
			};
			buildConfigurationList = F6649FFD2F25390500750C58 /* Build configuration list for PBXProject "SeventyTwoBlocks" */;
			developmentRegion = en;
			hasScannedForEncodings = 0;
			knownRegions = (
				en,
				Base,
			);
			mainGroup = F6649FF92F25390500750C58;
			minimizedProjectReferenceProxies = 1;
			packageReferences = (
				F664A0622F253F5500750C58 /* XCRemoteSwiftPackageReference "supabase-swift" */,
			);
			preferredProjectObjectVersion = 77;
			productRefGroup = F664A0032F25390500750C58 /* Products */;
			projectDirPath = "";
			projectRoot = "";
			targets = (
				F664A0012F25390500750C58 /* SeventyTwoBlocks */,
				F664A00E2F25390600750C58 /* SeventyTwoBlocksTests */,
				F664A0182F25390600750C58 /* SeventyTwoBlocksUITests */,
				F6A1D00A2F30000000000002 /* SeventyTwoBlocksWidgets */,
			);
		};
/* End PBXProject section */

/* Begin PBXResourcesBuildPhase section */
		F664A0002F25390500750C58 /* Resources */ = {
			isa = PBXResourcesBuildPhase;
			buildActionMask = 2147483647;
			files = (
			);
			runOnlyForDeploymentPostprocessing = 0;
		};
		F664A00D2F25390600750C58 /* Resources */ = {
			isa = PBXResourcesBuildPhase;
			buildActionMask = 2147483647;
			files = (
			);
			runOnlyForDeploymentPostprocessing = 0;
		};
		F664A0172F25390600750C58 /* Resources */ = {
			isa = PBXResourcesBuildPhase;
			buildActionMask = 2147483647;
			files = (
			);
			runOnlyForDeploymentPostprocessing = 0;
		};
		F6A1D00A2F30000000000005 /* Resources */ = {
			isa = PBXResourcesBuildPhase;
			buildActionMask = 2147483647;
			files = (
			);
			runOnlyForDeploymentPostprocessing = 0;
		};
/* End PBXResourcesBuildPhase section */

/* Begin PBXSourcesBuildPhase section */
		F6649FFE2F25390500750C58 /* Sources */ = {
			isa = PBXSourcesBuildPhase;
			buildActionMask = 2147483647;
			files = (
			);
			runOnlyForDeploymentPostprocessing = 0;
		};
		F664A00B2F25390600750C58 /* Sources */ = {
			isa = PBXSourcesBuildPhase;
			buildActionMask = 2147483647;
			files = (
			);
			runOnlyForDeploymentPostprocessing = 0;
		};
		F664A0152F25390600750C58 /* Sources */ = {
			isa = PBXSourcesBuildPhase;
			buildActionMask = 2147483647;
			files = (
			);
			runOnlyForDeploymentPostprocessing = 0;
		};
		F6A1D00A2F30000000000003 /* Sources */ = {
			isa = PBXSourcesBuildPhase;
			buildActionMask = 2147483647;
			files = (
			);
			runOnlyForDeploymentPostprocessing = 0;
		};
/* End PBXSourcesBuildPhase section */

/* Begin PBXTargetDependency section */
		F664A0112F25390600750C58 /* PBXTargetDependency */ = {
			isa = PBXTargetDependency;
			target = F664A0012F25390500750C58 /* SeventyTwoBlocks */;
			targetProxy = F664A0102F25390600750C58 /* PBXContainerItemProxy */;
		};
		F664A01B2F25390600750C58 /* PBXTargetDependency */ = {
			isa = PBXTargetDependency;
			target = F664A0012F25390500750C58 /* SeventyTwoBlocks */;
			targetProxy = F664A01A2F25390600750C58 /* PBXContainerItemProxy */;
		};
		F6A1D00A2F3000000000000B /* PBXTargetDependency */ = {
			isa = PBXTargetDependency;
			target = F6A1D00A2F30000000000002 /* SeventyTwoBlocksWidgets */;
			targetProxy = F6A1D00A2F3000000000000A /* PBXContainerItemProxy */;
		};
/* End PBXTargetDependency section */

/* Begin XCBuildConfiguration section */
		F664A0212F25390600750C58 /* Debug */ = {
			isa = XCBuildConfiguration;
			buildSettings = {
				ALWAYS_SEARCH_USER_PATHS = NO;
				ASSETCATALOG_COMPILER_GENERATE_SWIFT_ASSET_SYMBOL_EXTENSIONS = YES;
				CLANG_ANALYZER_NONNULL = YES;
				CLANG_ANALYZER_NUMBER_OBJECT_CONVERSION = YES_AGGRESSIVE;
				CLANG_CXX_LANGUAGE_STANDARD = "gnu++20";
				CLANG_ENABLE_MODULES = YES;
				CLANG_ENABLE_OBJC_ARC = YES;
				CLANG_ENABLE_OBJC_WEAK = YES;
				CLANG_WARN_BLOCK_CAPTURE_AUTORELEASING = YES;
				CLANG_WARN_BOOL_CONVERSION = YES;
				CLANG_WARN_COMMA = YES;
				CLANG_WARN_CONSTANT_CONVERSION = YES;
				CLANG_WARN_DEPRECATED_OBJC_IMPLEMENTATIONS = YES;
				CLANG_WARN_DIRECT_OBJC_ISA_USAGE = YES_ERROR;
				CLANG_WARN_DOCUMENTATION_COMMENTS = YES;
				CLANG_WARN_EMPTY_BODY = YES;
				CLANG_WARN_ENUM_CONVERSION = YES;
				CLANG_WARN_INFINITE_RECURSION = YES;
				CLANG_WARN_INT_CONVERSION = YES;
				CLANG_WARN_NON_LITERAL_NULL_CONVERSION = YES;
				CLANG_WARN_OBJC_IMPLICIT_RETAIN_SELF = YES;
				CLANG_WARN_OBJC_LITERAL_CONVERSION = YES;
				CLANG_WARN_OBJC_ROOT_CLASS = YES_ERROR;
				CLANG_WARN_QUOTED_INCLUDE_IN_FRAMEWORK_HEADER = YES;
				CLANG_WARN_RANGE_LOOP_ANALYSIS = YES;
				CLANG_WARN_STRICT_PROTOTYPES = YES;
				CLANG_WARN_SUSPICIOUS_MOVE = YES;
				CLANG_WARN_UNGUARDED_AVAILABILITY = YES_AGGRESSIVE;
				CLANG_WARN_UNREACHABLE_CODE = YES;
				CLANG_WARN__DUPLICATE_METHOD_MATCH = YES;
				COPY_PHASE_STRIP = NO;
				DEBUG_INFORMATION_FORMAT = dwarf;
				DEVELOPMENT_TEAM = N36WYPQ6X3;
				ENABLE_STRICT_OBJC_MSGSEND = YES;
				ENABLE_TESTABILITY = YES;
				ENABLE_USER_SCRIPT_SANDBOXING = YES;
				GCC_C_LANGUAGE_STANDARD = gnu17;
				GCC_DYNAMIC_NO_PIC = NO;
				GCC_NO_COMMON_BLOCKS = YES;
				GCC_OPTIMIZATION_LEVEL = 0;
				GCC_PREPROCESSOR_DEFINITIONS = (
					"DEBUG=1",
					"$(inherited)",
				);
				GCC_WARN_64_TO_32_BIT_CONVERSION = YES;
				GCC_WARN_ABOUT_RETURN_TYPE = YES_ERROR;
				GCC_WARN_UNDECLARED_SELECTOR = YES;
				GCC_WARN_UNINITIALIZED_AUTOS = YES_AGGRESSIVE;
				GCC_WARN_UNUSED_FUNCTION = YES;
				GCC_WARN_UNUSED_VARIABLE = YES;
				LOCALIZATION_PREFERS_STRING_CATALOGS = YES;
				MTL_ENABLE_DEBUG_INFO = INCLUDE_SOURCE;
				MTL_FAST_MATH = YES;
				ONLY_ACTIVE_ARCH = YES;
				SWIFT_ACTIVE_COMPILATION_CONDITIONS = "DEBUG $(inherited)";
				SWIFT_OPTIMIZATION_LEVEL = "-Onone";
			};
			name = Debug;
		};
		F664A0222F25390600750C58 /* Release */ = {
			isa = XCBuildConfiguration;
			buildSettings = {
				ALWAYS_SEARCH_USER_PATHS = NO;
				ASSETCATALOG_COMPILER_GENERATE_SWIFT_ASSET_SYMBOL_EXTENSIONS = YES;
				CLANG_ANALYZER_NONNULL = YES;
				CLANG_ANALYZER_NUMBER_OBJECT_CONVERSION = YES_AGGRESSIVE;
				CLANG_CXX_LANGUAGE_STANDARD = "gnu++20";
				CLANG_ENABLE_MODULES = YES;
				CLANG_ENABLE_OBJC_ARC = YES;
				CLANG_ENABLE_OBJC_WEAK = YES;
				CLANG_WARN_BLOCK_CAPTURE_AUTORELEASING = YES;
				CLANG_WARN_BOOL_CONVERSION = YES;
				CLANG_WARN_COMMA = YES;
				CLANG_WARN_CONSTANT_CONVERSION = YES;
				CLANG_WARN_DEPRECATED_OBJC_IMPLEMENTATIONS = YES;
				CLANG_WARN_DIRECT_OBJC_ISA_USAGE = YES_ERROR;
				CLANG_WARN_DOCUMENTATION_COMMENTS = YES;
				CLANG_WARN_EMPTY_BODY = YES;
				CLANG_WARN_ENUM_CONVERSION = YES;
				CLANG_WARN_INFINITE_RECURSION = YES;
				CLANG_WARN_INT_CONVERSION = YES;
				CLANG_WARN_NON_LITERAL_NULL_CONVERSION = YES;
				CLANG_WARN_OBJC_IMPLICIT_RETAIN_SELF = YES;
				CLANG_WARN_OBJC_LITERAL_CONVERSION = YES;
				CLANG_WARN_OBJC_ROOT_CLASS = YES_ERROR;
				CLANG_WARN_QUOTED_INCLUDE_IN_FRAMEWORK_HEADER = YES;
				CLANG_WARN_RANGE_LOOP_ANALYSIS = YES;
				CLANG_WARN_STRICT_PROTOTYPES = YES;
				CLANG_WARN_SUSPICIOUS_MOVE = YES;
				CLANG_WARN_UNGUARDED_AVAILABILITY = YES_AGGRESSIVE;
				CLANG_WARN_UNREACHABLE_CODE = YES;
				CLANG_WARN__DUPLICATE_METHOD_MATCH = YES;
				COPY_PHASE_STRIP = NO;
				DEBUG_INFORMATION_FORMAT = "dwarf-with-dsym";
				DEVELOPMENT_TEAM = N36WYPQ6X3;
				ENABLE_NS_ASSERTIONS = NO;
				ENABLE_STRICT_OBJC_MSGSEND = YES;
				ENABLE_USER_SCRIPT_SANDBOXING = YES;
				GCC_C_LANGUAGE_STANDARD = gnu17;
				GCC_NO_COMMON_BLOCKS = YES;
				GCC_WARN_64_TO_32_BIT_CONVERSION = YES;
				GCC_WARN_ABOUT_RETURN_TYPE = YES_ERROR;
				GCC_WARN_UNDECLARED_SELECTOR = YES;
				GCC_WARN_UNINITIALIZED_AUTOS = YES_AGGRESSIVE;
				GCC_WARN_UNUSED_FUNCTION = YES;
				GCC_WARN_UNUSED_VARIABLE = YES;
				LOCALIZATION_PREFERS_STRING_CATALOGS = YES;
				MTL_ENABLE_DEBUG_INFO = NO;
				MTL_FAST_MATH = YES;
				SWIFT_COMPILATION_MODE = wholemodule;
			};
			name = Release;
		};
		F664A0242F25390600750C58 /* Debug */ = {
			isa = XCBuildConfiguration;
			buildSettings = {
				ASSETCATALOG_COMPILER_APPICON_NAME = AppIcon;
				ASSETCATALOG_COMPILER_GLOBAL_ACCENT_COLOR_NAME = AccentColor;
				CODE_SIGN_ENTITLEMENTS = SeventyTwoBlocks/SeventyTwoBlocks.entitlements;
				CODE_SIGN_STYLE = Automatic;
				CURRENT_PROJECT_VERSION = 1;
				DEVELOPMENT_TEAM = N36WYPQ6X3;
				ENABLE_APP_SANDBOX = YES;
				ENABLE_HARDENED_RUNTIME = YES;
				ENABLE_PREVIEWS = YES;
				ENABLE_USER_SELECTED_FILES = readonly;
				GENERATE_INFOPLIST_FILE = YES;
				INFOPLIST_KEY_CFBundleDisplayName = 72Blocks;
				INFOPLIST_KEY_NSSupportsLiveActivities = YES;
				"INFOPLIST_KEY_UIApplicationSceneManifest_Generation[sdk=iphoneos*]" = YES;
				"INFOPLIST_KEY_UIApplicationSceneManifest_Generation[sdk=iphonesimulator*]" = YES;
				"INFOPLIST_KEY_UIApplicationSupportsIndirectInputEvents[sdk=iphoneos*]" = YES;
				"INFOPLIST_KEY_UIApplicationSupportsIndirectInputEvents[sdk=iphonesimulator*]" = YES;
				"INFOPLIST_KEY_UILaunchScreen_Generation[sdk=iphoneos*]" = YES;
				"INFOPLIST_KEY_UILaunchScreen_Generation[sdk=iphonesimulator*]" = YES;
				"INFOPLIST_KEY_UIStatusBarStyle[sdk=iphoneos*]" = UIStatusBarStyleDefault;
				"INFOPLIST_KEY_UIStatusBarStyle[sdk=iphonesimulator*]" = UIStatusBarStyleDefault;
				INFOPLIST_KEY_UISupportedInterfaceOrientations_iPad = "UIInterfaceOrientationPortrait UIInterfaceOrientationPortraitUpsideDown UIInterfaceOrientationLandscapeLeft UIInterfaceOrientationLandscapeRight";
				INFOPLIST_KEY_UISupportedInterfaceOrientations_iPhone = "UIInterfaceOrientationPortrait UIInterfaceOrientationLandscapeLeft UIInterfaceOrientationLandscapeRight";
				IPHONEOS_DEPLOYMENT_TARGET = 26.2;
				LD_RUNPATH_SEARCH_PATHS = "@executable_path/Frameworks";
				"LD_RUNPATH_SEARCH_PATHS[sdk=macosx*]" = "@executable_path/../Frameworks";
				MACOSX_DEPLOYMENT_TARGET = 26.2;
				MARKETING_VERSION = 1.0;
				PRODUCT_BUNDLE_IDENTIFIER = GKApps.SeventyTwoBlocks;
				PRODUCT_NAME = "$(TARGET_NAME)";
				REGISTER_APP_GROUPS = YES;
				SDKROOT = auto;
				STRING_CATALOG_GENERATE_SYMBOLS = YES;
				SUPPORTED_PLATFORMS = "iphoneos iphonesimulator macosx xros xrsimulator";
				SWIFT_APPROACHABLE_CONCURRENCY = YES;
				SWIFT_DEFAULT_ACTOR_ISOLATION = MainActor;
				SWIFT_EMIT_LOC_STRINGS = YES;
				SWIFT_UPCOMING_FEATURE_MEMBER_IMPORT_VISIBILITY = YES;
				SWIFT_VERSION = 5.0;
				TARGETED_DEVICE_FAMILY = "1,2,7";
				XROS_DEPLOYMENT_TARGET = 26.2;
			};
			name = Debug;
		};
		F664A0252F25390600750C58 /* Release */ = {
			isa = XCBuildConfiguration;
			buildSettings = {
				ASSETCATALOG_COMPILER_APPICON_NAME = AppIcon;
				ASSETCATALOG_COMPILER_GLOBAL_ACCENT_COLOR_NAME = AccentColor;
				CODE_SIGN_ENTITLEMENTS = SeventyTwoBlocks/SeventyTwoBlocks.entitlements;
				CODE_SIGN_STYLE = Automatic;
				CURRENT_PROJECT_VERSION = 1;
				DEVELOPMENT_TEAM = N36WYPQ6X3;
				ENABLE_APP_SANDBOX = YES;
				ENABLE_HARDENED_RUNTIME = YES;
				ENABLE_PREVIEWS = YES;
				ENABLE_USER_SELECTED_FILES = readonly;
				GENERATE_INFOPLIST_FILE = YES;
				INFOPLIST_KEY_CFBundleDisplayName = 72Blocks;
				INFOPLIST_KEY_NSSupportsLiveActivities = YES;
				"INFOPLIST_KEY_UIApplicationSceneManifest_Generation[sdk=iphoneos*]" = YES;
				"INFOPLIST_KEY_UIApplicationSceneManifest_Generation[sdk=iphonesimulator*]" = YES;
				"INFOPLIST_KEY_UIApplicationSupportsIndirectInputEvents[sdk=iphoneos*]" = YES;
				"INFOPLIST_KEY_UIApplicationSupportsIndirectInputEvents[sdk=iphonesimulator*]" = YES;
				"INFOPLIST_KEY_UILaunchScreen_Generation[sdk=iphoneos*]" = YES;
				"INFOPLIST_KEY_UILaunchScreen_Generation[sdk=iphonesimulator*]" = YES;
				"INFOPLIST_KEY_UIStatusBarStyle[sdk=iphoneos*]" = UIStatusBarStyleDefault;
				"INFOPLIST_KEY_UIStatusBarStyle[sdk=iphonesimulator*]" = UIStatusBarStyleDefault;
				INFOPLIST_KEY_UISupportedInterfaceOrientations_iPad = "UIInterfaceOrientationPortrait UIInterfaceOrientationPortraitUpsideDown UIInterfaceOrientationLandscapeLeft UIInterfaceOrientationLandscapeRight";
				INFOPLIST_KEY_UISupportedInterfaceOrientations_iPhone = "UIInterfaceOrientationPortrait UIInterfaceOrientationLandscapeLeft UIInterfaceOrientationLandscapeRight";
				IPHONEOS_DEPLOYMENT_TARGET = 26.2;
				LD_RUNPATH_SEARCH_PATHS = "@executable_path/Frameworks";
				"LD_RUNPATH_SEARCH_PATHS[sdk=macosx*]" = "@executable_path/../Frameworks";
				MACOSX_DEPLOYMENT_TARGET = 26.2;
				MARKETING_VERSION = 1.0;
				PRODUCT_BUNDLE_IDENTIFIER = GKApps.SeventyTwoBlocks;
				PRODUCT_NAME = "$(TARGET_NAME)";
				REGISTER_APP_GROUPS = YES;
				SDKROOT = auto;
				STRING_CATALOG_GENERATE_SYMBOLS = YES;
				SUPPORTED_PLATFORMS = "iphoneos iphonesimulator macosx xros xrsimulator";
				SWIFT_APPROACHABLE_CONCURRENCY = YES;
				SWIFT_DEFAULT_ACTOR_ISOLATION = MainActor;
				SWIFT_EMIT_LOC_STRINGS = YES;
				SWIFT_UPCOMING_FEATURE_MEMBER_IMPORT_VISIBILITY = YES;
				SWIFT_VERSION = 5.0;
				TARGETED_DEVICE_FAMILY = "1,2,7";
				XROS_DEPLOYMENT_TARGET = 26.2;
			};
			name = Release;
		};
		F664A0272F25390600750C58 /* Debug */ = {
			isa = XCBuildConfiguration;
			buildSettings = {
				BUNDLE_LOADER = "$(TEST_HOST)";
				CODE_SIGN_STYLE = Automatic;
				CURRENT_PROJECT_VERSION = 1;
				DEVELOPMENT_TEAM = N36WYPQ6X3;
				GENERATE_INFOPLIST_FILE = YES;
				IPHONEOS_DEPLOYMENT_TARGET = 26.2;
				MACOSX_DEPLOYMENT_TARGET = 26.2;
				MARKETING_VERSION = 1.0;
				PRODUCT_BUNDLE_IDENTIFIER = GKApps.SeventyTwoBlocksTests;
				PRODUCT_NAME = "$(TARGET_NAME)";
				SDKROOT = auto;
				STRING_CATALOG_GENERATE_SYMBOLS = NO;
				SUPPORTED_PLATFORMS = "iphoneos iphonesimulator macosx xros xrsimulator";
				SWIFT_APPROACHABLE_CONCURRENCY = YES;
				SWIFT_EMIT_LOC_STRINGS = NO;
				SWIFT_UPCOMING_FEATURE_MEMBER_IMPORT_VISIBILITY = YES;
				SWIFT_VERSION = 5.0;
				TARGETED_DEVICE_FAMILY = "1,2,7";
				TEST_HOST = "$(BUILT_PRODUCTS_DIR)/SeventyTwoBlocks.app/$(BUNDLE_EXECUTABLE_FOLDER_PATH)/SeventyTwoBlocks";
				XROS_DEPLOYMENT_TARGET = 26.2;
			};
			name = Debug;
		};
		F664A0282F25390600750C58 /* Release */ = {
			isa = XCBuildConfiguration;
			buildSettings = {
				BUNDLE_LOADER = "$(TEST_HOST)";
				CODE_SIGN_STYLE = Automatic;
				CURRENT_PROJECT_VERSION = 1;
				DEVELOPMENT_TEAM = N36WYPQ6X3;
				GENERATE_INFOPLIST_FILE = YES;
				IPHONEOS_DEPLOYMENT_TARGET = 26.2;
				MACOSX_DEPLOYMENT_TARGET = 26.2;
				MARKETING_VERSION = 1.0;
				PRODUCT_BUNDLE_IDENTIFIER = GKApps.SeventyTwoBlocksTests;
				PRODUCT_NAME = "$(TARGET_NAME)";
				SDKROOT = auto;
				STRING_CATALOG_GENERATE_SYMBOLS = NO;
				SUPPORTED_PLATFORMS = "iphoneos iphonesimulator macosx xros xrsimulator";
				SWIFT_APPROACHABLE_CONCURRENCY = YES;
				SWIFT_EMIT_LOC_STRINGS = NO;
				SWIFT_UPCOMING_FEATURE_MEMBER_IMPORT_VISIBILITY = YES;
				SWIFT_VERSION = 5.0;
				TARGETED_DEVICE_FAMILY = "1,2,7";
				TEST_HOST = "$(BUILT_PRODUCTS_DIR)/SeventyTwoBlocks.app/$(BUNDLE_EXECUTABLE_FOLDER_PATH)/SeventyTwoBlocks";
				XROS_DEPLOYMENT_TARGET = 26.2;
			};
			name = Release;
		};
		F664A02A2F25390600750C58 /* Debug */ = {
			isa = XCBuildConfiguration;
			buildSettings = {
				CODE_SIGN_STYLE = Automatic;
				CURRENT_PROJECT_VERSION = 1;
				DEVELOPMENT_TEAM = N36WYPQ6X3;
				GENERATE_INFOPLIST_FILE = YES;
				IPHONEOS_DEPLOYMENT_TARGET = 26.2;
				MACOSX_DEPLOYMENT_TARGET = 26.2;
				MARKETING_VERSION = 1.0;
				PRODUCT_BUNDLE_IDENTIFIER = GKApps.SeventyTwoBlocksUITests;
				PRODUCT_NAME = "$(TARGET_NAME)";
				SDKROOT = auto;
				STRING_CATALOG_GENERATE_SYMBOLS = NO;
				SUPPORTED_PLATFORMS = "iphoneos iphonesimulator macosx xros xrsimulator";
				SWIFT_APPROACHABLE_CONCURRENCY = YES;
				SWIFT_EMIT_LOC_STRINGS = NO;
				SWIFT_UPCOMING_FEATURE_MEMBER_IMPORT_VISIBILITY = YES;
				SWIFT_VERSION = 5.0;
				TARGETED_DEVICE_FAMILY = "1,2,7";
				TEST_TARGET_NAME = SeventyTwoBlocks;
				XROS_DEPLOYMENT_TARGET = 26.2;
			};
			name = Debug;
		};
		F664A02B2F25390600750C58 /* Release */ = {
			isa = XCBuildConfiguration;
			buildSettings = {
				CODE_SIGN_STYLE = Automatic;
				CURRENT_PROJECT_VERSION = 1;
				DEVELOPMENT_TEAM = N36WYPQ6X3;
				GENERATE_INFOPLIST_FILE = YES;
				IPHONEOS_DEPLOYMENT_TARGET = 26.2;
				MACOSX_DEPLOYMENT_TARGET = 26.2;
				MARKETING_VERSION = 1.0;
				PRODUCT_BUNDLE_IDENTIFIER = GKApps.SeventyTwoBlocksUITests;
				PRODUCT_NAME = "$(TARGET_NAME)";
				SDKROOT = auto;
				STRING_CATALOG_GENERATE_SYMBOLS = NO;
				SUPPORTED_PLATFORMS = "iphoneos iphonesimulator macosx xros xrsimulator";
				SWIFT_APPROACHABLE_CONCURRENCY = YES;
				SWIFT_EMIT_LOC_STRINGS = NO;
				SWIFT_UPCOMING_FEATURE_MEMBER_IMPORT_VISIBILITY = YES;
				SWIFT_VERSION = 5.0;
				TARGETED_DEVICE_FAMILY = "1,2,7";
				TEST_TARGET_NAME = SeventyTwoBlocks;
				XROS_DEPLOYMENT_TARGET = 26.2;
			};
			name = Release;
		};
		F6A1D00A2F30000000000008 /* Debug */ = {
			isa = XCBuildConfiguration;
			buildSettings = {
				ASSETCATALOG_COMPILER_GLOBAL_ACCENT_COLOR_NAME = AccentColor;
				ASSETCATALOG_COMPILER_WIDGET_BACKGROUND_COLOR_NAME = WidgetBackground;
				CODE_SIGN_ENTITLEMENTS = SeventyTwoBlocksWidgets/SeventyTwoBlocksWidgets.entitlements;
				CODE_SIGN_STYLE = Automatic;
				CURRENT_PROJECT_VERSION = 1;
				DEVELOPMENT_TEAM = N36WYPQ6X3;
				GENERATE_INFOPLIST_FILE = YES;
				INFOPLIST_FILE = SeventyTwoBlocksWidgets/Info.plist;
				INFOPLIST_KEY_CFBundleDisplayName = SeventyTwoBlocksWidgets;
				INFOPLIST_KEY_NSHumanReadableCopyright = "";
				IPHONEOS_DEPLOYMENT_TARGET = 17.0;
				LD_RUNPATH_SEARCH_PATHS = (
					"$(inherited)",
					"@executable_path/Frameworks",
					"@executable_path/../../Frameworks",
				);
				MARKETING_VERSION = 1.0;
				PRODUCT_BUNDLE_IDENTIFIER = GKApps.SeventyTwoBlocks.Widgets;
				PRODUCT_NAME = "$(TARGET_NAME)";
				SDKROOT = iphoneos;
				SKIP_INSTALL = YES;
				STRING_CATALOG_GENERATE_SYMBOLS = YES;
				SUPPORTED_PLATFORMS = "iphoneos iphonesimulator";
				SWIFT_APPROACHABLE_CONCURRENCY = YES;
				SWIFT_EMIT_LOC_STRINGS = YES;
				SWIFT_VERSION = 5.0;
				TARGETED_DEVICE_FAMILY = "1,2";
			};
			name = Debug;
		};
		F6A1D00A2F30000000000009 /* Release */ = {
			isa = XCBuildConfiguration;
			buildSettings = {
				ASSETCATALOG_COMPILER_GLOBAL_ACCENT_COLOR_NAME = AccentColor;
				ASSETCATALOG_COMPILER_WIDGET_BACKGROUND_COLOR_NAME = WidgetBackground;
				CODE_SIGN_ENTITLEMENTS = SeventyTwoBlocksWidgets/SeventyTwoBlocksWidgets.entitlements;
				CODE_SIGN_STYLE = Automatic;
				CURRENT_PROJECT_VERSION = 1;
				DEVELOPMENT_TEAM = N36WYPQ6X3;
				GENERATE_INFOPLIST_FILE = YES;
				INFOPLIST_FILE = SeventyTwoBlocksWidgets/Info.plist;
				INFOPLIST_KEY_CFBundleDisplayName = SeventyTwoBlocksWidgets;
				INFOPLIST_KEY_NSHumanReadableCopyright = "";
				IPHONEOS_DEPLOYMENT_TARGET = 17.0;
				LD_RUNPATH_SEARCH_PATHS = (
					"$(inherited)",
					"@executable_path/Frameworks",
					"@executable_path/../../Frameworks",
				);
				MARKETING_VERSION = 1.0;
				PRODUCT_BUNDLE_IDENTIFIER = GKApps.SeventyTwoBlocks.Widgets;
				PRODUCT_NAME = "$(TARGET_NAME)";
				SDKROOT = iphoneos;
				SKIP_INSTALL = YES;
				STRING_CATALOG_GENERATE_SYMBOLS = YES;
				SUPPORTED_PLATFORMS = "iphoneos iphonesimulator";
				SWIFT_APPROACHABLE_CONCURRENCY = YES;
				SWIFT_EMIT_LOC_STRINGS = YES;
				SWIFT_VERSION = 5.0;
				TARGETED_DEVICE_FAMILY = "1,2";
			};
			name = Release;
		};
/* End XCBuildConfiguration section */

/* Begin XCConfigurationList section */
		F6649FFD2F25390500750C58 /* Build configuration list for PBXProject "SeventyTwoBlocks" */ = {
			isa = XCConfigurationList;
			buildConfigurations = (
				F664A0212F25390600750C58 /* Debug */,
				F664A0222F25390600750C58 /* Release */,
			);
			defaultConfigurationIsVisible = 0;
			defaultConfigurationName = Release;
		};
		F664A0232F25390600750C58 /* Build configuration list for PBXNativeTarget "SeventyTwoBlocks" */ = {
			isa = XCConfigurationList;
			buildConfigurations = (
				F664A0242F25390600750C58 /* Debug */,
				F664A0252F25390600750C58 /* Release */,
			);
			defaultConfigurationIsVisible = 0;
			defaultConfigurationName = Release;
		};
		F664A0262F25390600750C58 /* Build configuration list for PBXNativeTarget "SeventyTwoBlocksTests" */ = {
			isa = XCConfigurationList;
			buildConfigurations = (
				F664A0272F25390600750C58 /* Debug */,
				F664A0282F25390600750C58 /* Release */,
			);
			defaultConfigurationIsVisible = 0;
			defaultConfigurationName = Release;
		};
		F664A0292F25390600750C58 /* Build configuration list for PBXNativeTarget "SeventyTwoBlocksUITests" */ = {
			isa = XCConfigurationList;
			buildConfigurations = (
				F664A02A2F25390600750C58 /* Debug */,
				F664A02B2F25390600750C58 /* Release */,
			);
			defaultConfigurationIsVisible = 0;
			defaultConfigurationName = Release;
		};
		F6A1D00A2F30000000000007 /* Build configuration list for PBXNativeTarget "SeventyTwoBlocksWidgets" */ = {
			isa = XCConfigurationList;
			buildConfigurations = (
				F6A1D00A2F30000000000008 /* Debug */,
				F6A1D00A2F30000000000009 /* Release */,
			);
			defaultConfigurationIsVisible = 0;
			defaultConfigurationName = Release;
		};
/* End XCConfigurationList section */

/* Begin XCRemoteSwiftPackageReference section */
		F664A0622F253F5500750C58 /* XCRemoteSwiftPackageReference "supabase-swift" */ = {
			isa = XCRemoteSwiftPackageReference;
			repositoryURL = "https://github.com/supabase/supabase-swift";
			requirement = {
				kind = upToNextMajorVersion;
				minimumVersion = 2.5.1;
			};
		};
/* End XCRemoteSwiftPackageReference section */

/* Begin XCSwiftPackageProductDependency section */
		F664A0632F253F5500750C58 /* Auth */ = {
			isa = XCSwiftPackageProductDependency;
			package = F664A0622F253F5500750C58 /* XCRemoteSwiftPackageReference "supabase-swift" */;
			productName = Auth;
		};
		F664A0652F253F5500750C58 /* PostgREST */ = {
			isa = XCSwiftPackageProductDependency;
			package = F664A0622F253F5500750C58 /* XCRemoteSwiftPackageReference "supabase-swift" */;
			productName = PostgREST;
		};
/* End XCSwiftPackageProductDependency section */
	};
	rootObject = F6649FFA2F25390500750C58 /* Project object */;
}
